
Microsoft Visual Studio Solution File, Format Version 12.00
# Visual Studio Version 17
VisualStudioVersion = 17.8.34511.84
MinimumVisualStudioVersion = 10.0.40219.1
Project("{FAE04EC0-301F-11D3-BF4B-00C04F79EFBC}") = "ConsoleApp5", "ConsoleApp5\ConsoleApp5.csproj", "{B38152D5-5EF5-4FDF-A3A5-0991E66B73D8}"
EndProject
Global
	GlobalSection(SolutionConfigurationPlatforms) = preSolution
		Debug|Any CPU = Debug|Any CPU
		Release|Any CPU = Release|Any CPU
	EndGlobalSection
	GlobalSection(ProjectConfigurationPlatforms) = postSolution
		{B38152D5-5EF5-4FDF-A3A5-0991E66B73D8}.Debug|Any CPU.ActiveCfg = Debug|Any CPU
		{B38152D5-5EF5-4FDF-A3A5-0991E66B73D8}.Debug|Any CPU.Build.0 = Debug|Any CPU
		{B38152D5-5EF5-4FDF-A3A5-0991E66B73D8}.Release|Any CPU.ActiveCfg = Release|Any CPU
		{B38152D5-5EF5-4FDF-A3A5-0991E66B73D8}.Release|Any CPU.Build.0 = Release|Any CPU
	EndGlobalSection
	GlobalSection(SolutionProperties) = preSolution
		HideSolutionNode = FALSE
	EndGlobalSection
	GlobalSection(ExtensibilityGlobals) = postSolution
		SolutionGuid = {F7135FCF-C005-4562-96AF-8C1DED2AF9B5}
	EndGlobalSection
EndGlobal
